
Microsoft Visual Studio Solution File, Format Version 12.00
# Visual Studio Version 17
VisualStudioVersion = 17.0.31903.59
MinimumVisualStudioVersion = 10.0.40219.1
Project("{FAE04EC0-301F-11D3-BF4B-00C04F79EFBC}") = "DDDCommerceBCC.API", "DDDCommerceBCC.API\DDDCommerceBCC.API.csproj", "{D7D79C74-9E81-4F0D-B68D-CE36BE9937E0}"
EndProject
Project("{FAE04EC0-301F-11D3-BF4B-00C04F79EFBC}") = "DDDCommerceBCC.Application", "DDDCommerceBCC.Application\DDDCommerceBCC.Application.csproj", "{430277FE-11C2-4BD4-8DFF-CAD605768797}"
EndProject
Project("{FAE04EC0-301F-11D3-BF4B-00C04F79EFBC}") = "DDDCommerceBCC.Domain", "DDDCommerceBCC.Domain\DDDCommerceBCC.Domain.csproj", "{1D736514-7648-4438-9828-B66D5E79C187}"
EndProject
Project("{FAE04EC0-301F-11D3-BF4B-00C04F79EFBC}") = "DDDCommerceBCC.Infrastructure", "DDDCommerceBCC.Infrastructure\DDDCommerceBCC.Infrastructure.csproj", "{C4211CCE-3D9B-4889-A26D-49EFC0FAE545}"
EndProject
Global
	GlobalSection(SolutionConfigurationPlatforms) = preSolution
		Debug|Any CPU = Debug|Any CPU
		Release|Any CPU = Release|Any CPU
	EndGlobalSection
	GlobalSection(SolutionProperties) = preSolution
		HideSolutionNode = FALSE
	EndGlobalSection
	GlobalSection(ProjectConfigurationPlatforms) = postSolution
		{D7D79C74-9E81-4F0D-B68D-CE36BE9937E0}.Debug|Any CPU.ActiveCfg = Debug|Any CPU
		{D7D79C74-9E81-4F0D-B68D-CE36BE9937E0}.Debug|Any CPU.Build.0 = Debug|Any CPU
		{D7D79C74-9E81-4F0D-B68D-CE36BE9937E0}.Release|Any CPU.ActiveCfg = Release|Any CPU
		{D7D79C74-9E81-4F0D-B68D-CE36BE9937E0}.Release|Any CPU.Build.0 = Release|Any CPU
		{430277FE-11C2-4BD4-8DFF-CAD605768797}.Debug|Any CPU.ActiveCfg = Debug|Any CPU
		{430277FE-11C2-4BD4-8DFF-CAD605768797}.Debug|Any CPU.Build.0 = Debug|Any CPU
		{430277FE-11C2-4BD4-8DFF-CAD605768797}.Release|Any CPU.ActiveCfg = Release|Any CPU
		{430277FE-11C2-4BD4-8DFF-CAD605768797}.Release|Any CPU.Build.0 = Release|Any CPU
		{1D736514-7648-4438-9828-B66D5E79C187}.Debug|Any CPU.ActiveCfg = Debug|Any CPU
		{1D736514-7648-4438-9828-B66D5E79C187}.Debug|Any CPU.Build.0 = Debug|Any CPU
		{1D736514-7648-4438-9828-B66D5E79C187}.Release|Any CPU.ActiveCfg = Release|Any CPU
		{1D736514-7648-4438-9828-B66D5E79C187}.Release|Any CPU.Build.0 = Release|Any CPU
		{C4211CCE-3D9B-4889-A26D-49EFC0FAE545}.Debug|Any CPU.ActiveCfg = Debug|Any CPU
		{C4211CCE-3D9B-4889-A26D-49EFC0FAE545}.Debug|Any CPU.Build.0 = Debug|Any CPU
		{C4211CCE-3D9B-4889-A26D-49EFC0FAE545}.Release|Any CPU.ActiveCfg = Release|Any CPU
		{C4211CCE-3D9B-4889-A26D-49EFC0FAE545}.Release|Any CPU.Build.0 = Release|Any CPU
	EndGlobalSection
EndGlobal
