Microsoft Visual Studio Solution File, Format Version 12.00
# Visual Studio Version 17
VisualStudioVersion = 17.5.2.0
MinimumVisualStudioVersion = 10.0.40219.1
Project("{FAE04EC0-301F-11D3-BF4B-00C04F79EFBC}") = "MessageReceiverAPI", "MessageReceiverAPI.csproj", "{978AA333-25DA-3292-FACC-ABBF7508C6DE}"
EndProject
Global
	GlobalSection(SolutionConfigurationPlatforms) = preSolution
		Debug|Any CPU = Debug|Any CPU
		Release|Any CPU = Release|Any CPU
	EndGlobalSection
	GlobalSection(ProjectConfigurationPlatforms) = postSolution
		{978AA333-25DA-3292-FACC-ABBF7508C6DE}.Debug|Any CPU.ActiveCfg = Debug|Any CPU
		{978AA333-25DA-3292-FACC-ABBF7508C6DE}.Debug|Any CPU.Build.0 = Debug|Any CPU
		{978AA333-25DA-3292-FACC-ABBF7508C6DE}.Release|Any CPU.ActiveCfg = Release|Any CPU
		{978AA333-25DA-3292-FACC-ABBF7508C6DE}.Release|Any CPU.Build.0 = Release|Any CPU
	EndGlobalSection
	GlobalSection(SolutionProperties) = preSolution
		HideSolutionNode = FALSE
	EndGlobalSection
	GlobalSection(ExtensibilityGlobals) = postSolution
		SolutionGuid = {D75DA04C-E7E3-4E21-8606-DD88FE245CFA}
	EndGlobalSection
EndGlobal
